
Microsoft Visual Studio Solution File, Format Version 12.00
# Visual Studio Version 17
VisualStudioVersion = 17.10.34928.147
MinimumVisualStudioVersion = 10.0.40219.1
Project("{FAE04EC0-301F-11D3-BF4B-00C04F79EFBC}") = "principal", "principal\principal.csproj", "{BB32A07F-D44B-4DE7-B1A7-97CE311CBEE7}"
EndProject
Project("{FAE04EC0-301F-11D3-BF4B-00C04F79EFBC}") = "negocio", "negocio\negocio.csproj", "{455C183D-DC2D-42D9-9422-2E7827B9E2C4}"
EndProject
Project("{FAE04EC0-301F-11D3-BF4B-00C04F79EFBC}") = "dominio", "dominio\dominio.csproj", "{4C0F49C9-A259-4366-92E2-033FA8A94D7C}"
EndProject
Global
	GlobalSection(SolutionConfigurationPlatforms) = preSolution
		Debug|Any CPU = Debug|Any CPU
		Release|Any CPU = Release|Any CPU
	EndGlobalSection
	GlobalSection(ProjectConfigurationPlatforms) = postSolution
		{BB32A07F-D44B-4DE7-B1A7-97CE311CBEE7}.Debug|Any CPU.ActiveCfg = Debug|Any CPU
		{BB32A07F-D44B-4DE7-B1A7-97CE311CBEE7}.Debug|Any CPU.Build.0 = Debug|Any CPU
		{BB32A07F-D44B-4DE7-B1A7-97CE311CBEE7}.Release|Any CPU.ActiveCfg = Release|Any CPU
		{BB32A07F-D44B-4DE7-B1A7-97CE311CBEE7}.Release|Any CPU.Build.0 = Release|Any CPU
		{455C183D-DC2D-42D9-9422-2E7827B9E2C4}.Debug|Any CPU.ActiveCfg = Debug|Any CPU
		{455C183D-DC2D-42D9-9422-2E7827B9E2C4}.Debug|Any CPU.Build.0 = Debug|Any CPU
		{455C183D-DC2D-42D9-9422-2E7827B9E2C4}.Release|Any CPU.ActiveCfg = Release|Any CPU
		{455C183D-DC2D-42D9-9422-2E7827B9E2C4}.Release|Any CPU.Build.0 = Release|Any CPU
		{4C0F49C9-A259-4366-92E2-033FA8A94D7C}.Debug|Any CPU.ActiveCfg = Debug|Any CPU
		{4C0F49C9-A259-4366-92E2-033FA8A94D7C}.Debug|Any CPU.Build.0 = Debug|Any CPU
		{4C0F49C9-A259-4366-92E2-033FA8A94D7C}.Release|Any CPU.ActiveCfg = Release|Any CPU
		{4C0F49C9-A259-4366-92E2-033FA8A94D7C}.Release|Any CPU.Build.0 = Release|Any CPU
	EndGlobalSection
	GlobalSection(SolutionProperties) = preSolution
		HideSolutionNode = FALSE
	EndGlobalSection
	GlobalSection(ExtensibilityGlobals) = postSolution
		SolutionGuid = {385AD9B1-A6EF-4043-8723-2BE80B58B9F8}
	EndGlobalSection
EndGlobal
